Microsoft Visual Studio Solution File, Format Version 12.00
# Visual Studio Version 17
VisualStudioVersion = 17.5.2.0
MinimumVisualStudioVersion = 10.0.40219.1
Project("{FAE04EC0-301F-11D3-BF4B-00C04F79EFBC}") = "TypeParser", "TypeParser.csproj", "{6AF15A95-932F-657E-635D-E64F3D57200B}"
EndProject
Global
	GlobalSection(SolutionConfigurationPlatforms) = preSolution
		Debug|Any CPU = Debug|Any CPU
		Release|Any CPU = Release|Any CPU
	EndGlobalSection
	GlobalSection(ProjectConfigurationPlatforms) = postSolution
		{6AF15A95-932F-657E-635D-E64F3D57200B}.Debug|Any CPU.ActiveCfg = Debug|Any CPU
		{6AF15A95-932F-657E-635D-E64F3D57200B}.Debug|Any CPU.Build.0 = Debug|Any CPU
		{6AF15A95-932F-657E-635D-E64F3D57200B}.Release|Any CPU.ActiveCfg = Release|Any CPU
		{6AF15A95-932F-657E-635D-E64F3D57200B}.Release|Any CPU.Build.0 = Release|Any CPU
	EndGlobalSection
	GlobalSection(SolutionProperties) = preSolution
		HideSolutionNode = FALSE
	EndGlobalSection
	GlobalSection(ExtensibilityGlobals) = postSolution
		SolutionGuid = {EBCE14DC-053A-4C6A-AEAF-992F390E2D02}
	EndGlobalSection
EndGlobal
