Microsoft Visual Studio Solution File, Format Version 12.00
# Visual Studio Version 17
VisualStudioVersion = 17.5.2.0
MinimumVisualStudioVersion = 10.0.40219.1
Project("{FAE04EC0-301F-11D3-BF4B-00C04F79EFBC}") = "ItsObject", "ItsObject.csproj", "{8B24C836-A4D3-C36E-AD66-FC898D36718F}"
EndProject
Global
	GlobalSection(SolutionConfigurationPlatforms) = preSolution
		Debug|Any CPU = Debug|Any CPU
		Release|Any CPU = Release|Any CPU
	EndGlobalSection
	GlobalSection(ProjectConfigurationPlatforms) = postSolution
		{8B24C836-A4D3-C36E-AD66-FC898D36718F}.Debug|Any CPU.ActiveCfg = Debug|Any CPU
		{8B24C836-A4D3-C36E-AD66-FC898D36718F}.Debug|Any CPU.Build.0 = Debug|Any CPU
		{8B24C836-A4D3-C36E-AD66-FC898D36718F}.Release|Any CPU.ActiveCfg = Release|Any CPU
		{8B24C836-A4D3-C36E-AD66-FC898D36718F}.Release|Any CPU.Build.0 = Release|Any CPU
	EndGlobalSection
	GlobalSection(SolutionProperties) = preSolution
		HideSolutionNode = FALSE
	EndGlobalSection
	GlobalSection(ExtensibilityGlobals) = postSolution
		SolutionGuid = {BCF98112-4C83-4FF4-9B19-5CC639493418}
	EndGlobalSection
EndGlobal
