Microsoft Visual Studio Solution File, Format Version 12.00
# Visual Studio Version 17
VisualStudioVersion = 17.5.2.0
MinimumVisualStudioVersion = 10.0.40219.1
Project("{FAE04EC0-301F-11D3-BF4B-00C04F79EFBC}") = "TryParseConvert", "TryParseConvert.csproj", "{1CBDABFA-F92C-5EF5-7C90-68D71946F595}"
EndProject
Global
	GlobalSection(SolutionConfigurationPlatforms) = preSolution
		Debug|Any CPU = Debug|Any CPU
		Release|Any CPU = Release|Any CPU
	EndGlobalSection
	GlobalSection(ProjectConfigurationPlatforms) = postSolution
		{1CBDABFA-F92C-5EF5-7C90-68D71946F595}.Debug|Any CPU.ActiveCfg = Debug|Any CPU
		{1CBDABFA-F92C-5EF5-7C90-68D71946F595}.Debug|Any CPU.Build.0 = Debug|Any CPU
		{1CBDABFA-F92C-5EF5-7C90-68D71946F595}.Release|Any CPU.ActiveCfg = Release|Any CPU
		{1CBDABFA-F92C-5EF5-7C90-68D71946F595}.Release|Any CPU.Build.0 = Release|Any CPU
	EndGlobalSection
	GlobalSection(SolutionProperties) = preSolution
		HideSolutionNode = FALSE
	EndGlobalSection
	GlobalSection(ExtensibilityGlobals) = postSolution
		SolutionGuid = {27DA34F7-C89B-4541-8A94-F6F9F54F1F68}
	EndGlobalSection
EndGlobal
